// !$*UTF8*$!
{
	archiveVersion = 1;
	classes = {
	};
	objectVersion = 46;
	objects = {

/* Begin PBXBuildFile section */
		77E850B81E5FF61B00F50963 /* C1A7E1_main.cpp in Sources */ = {isa = PBXBuildFile; fileRef = 77E850B71E5FF61B00F50963 /* C1A7E1_main.cpp */; };
		77E850BF1E5FF64200F50963 /* C1A7E1_DetermineElapsedTime.cpp in Sources */ = {isa = PBXBuildFile; fileRef = 77E850BE1E5FF64200F50963 /* C1A7E1_DetermineElapsedTime.cpp */; };
/* End PBXBuildFile section */

/* Begin PBXCopyFilesBuildPhase section */
		77E850B21E5FF61B00F50963 /* CopyFiles */ = {
			isa = PBXCopyFilesBuildPhase;
			buildActionMask = 2147483647;
			dstPath = /usr/share/man/man1/;
			dstSubfolderSpec = 0;
			files = (
			);
			runOnlyForDeploymentPostprocessing = 1;
		};
/* End PBXCopyFilesBuildPhase section */

/* Begin PBXFileReference section */
		77E850B41E5FF61B00F50963 /* C1A7E1 */ = {isa = PBXFileReference; explicitFileType = "compiled.mach-o.executable"; includeInIndex = 0; path = C1A7E1; sourceTree = BUILT_PRODUCTS_DIR; };
		77E850B71E5FF61B00F50963 /* C1A7E1_main.cpp */ = {isa = PBXFileReference; lastKnownFileType = sourcecode.cpp.cpp; path = C1A7E1_main.cpp; sourceTree = "<group>"; };
		77E850BE1E5FF64200F50963 /* C1A7E1_DetermineElapsedTime.cpp */ = {isa = PBXFileReference; fileEncoding = 4; lastKnownFileType = sourcecode.cpp.cpp; path = C1A7E1_DetermineElapsedTime.cpp; sourceTree = "<group>"; };
		77E850C01E5FF66C00F50963 /* C1A7E1_MyTime.h */ = {isa = PBXFileReference; lastKnownFileType = sourcecode.c.h; path = C1A7E1_MyTime.h; sourceTree = "<group>"; };
/* End PBXFileReference section */

/* Begin PBXFrameworksBuildPhase section */
		77E850B11E5FF61B00F50963 /* Frameworks */ = {
			isa = PBXFrameworksBuildPhase;
			buildActionMask = 2147483647;
			files = (
			);
			runOnlyForDeploymentPostprocessing = 0;
		};
/* End PBXFrameworksBuildPhase section */

/* Begin PBXGroup section */
		77E850AB1E5FF61B00F50963 = {
			isa = PBXGroup;
			children = (
				77E850B61E5FF61B00F50963 /* C1A7E1 */,
				77E850B51E5FF61B00F50963 /* Products */,
			);
			sourceTree = "<group>";
		};
		77E850B51E5FF61B00F50963 /* Products */ = {
			isa = PBXGroup;
			children = (
				77E850B41E5FF61B00F50963 /* C1A7E1 */,
			);
			name = Products;
			sourceTree = "<group>";
		};
		77E850B61E5FF61B00F50963 /* C1A7E1 */ = {
			isa = PBXGroup;
			children = (
				77E850B71E5FF61B00F50963 /* C1A7E1_main.cpp */,
				77E850BE1E5FF64200F50963 /* C1A7E1_DetermineElapsedTime.cpp */,
				77E850C01E5FF66C00F50963 /* C1A7E1_MyTime.h */,
			);
			path = C1A7E1;
			sourceTree = "<group>";
		};
/* End PBXGroup section */

/* Begin PBXNativeTarget section */
		77E850B31E5FF61B00F50963 /* C1A7E1 */ = {
			isa = PBXNativeTarget;
			buildConfigurationList = 77E850BB1E5FF61B00F50963 /* Build configuration list for PBXNativeTarget "C1A7E1" */;
			buildPhases = (
				77E850B01E5FF61B00F50963 /* Sources */,
				77E850B11E5FF61B00F50963 /* Frameworks */,
				77E850B21E5FF61B00F50963 /* CopyFiles */,
			);
			buildRules = (
			);
			dependencies = (
			);
			name = C1A7E1;
			productName = C1A7E1;
			productReference = 77E850B41E5FF61B00F50963 /* C1A7E1 */;
			productType = "com.apple.product-type.tool";
		};
/* End PBXNativeTarget section */

/* Begin PBXProject section */
		77E850AC1E5FF61B00F50963 /* Project object */ = {
			isa = PBXProject;
			attributes = {
				LastUpgradeCheck = 0820;
				ORGANIZATIONNAME = "Julia Weng";
				TargetAttributes = {
					77E850B31E5FF61B00F50963 = {
						CreatedOnToolsVersion = 8.2.1;
						ProvisioningStyle = Automatic;
					};
				};
			};
			buildConfigurationList = 77E850AF1E5FF61B00F50963 /* Build configuration list for PBXProject "C1A7E1" */;
			compatibilityVersion = "Xcode 3.2";
			developmentRegion = English;
			hasScannedForEncodings = 0;
			knownRegions = (
				en,
			);
			mainGroup = 77E850AB1E5FF61B00F50963;
			productRefGroup = 77E850B51E5FF61B00F50963 /* Products */;
			projectDirPath = "";
			projectRoot = "";
			targets = (
				77E850B31E5FF61B00F50963 /* C1A7E1 */,
			);
		};
/* End PBXProject section */

/* Begin PBXSourcesBuildPhase section */
		77E850B01E5FF61B00F50963 /* Sources */ = {
			isa = PBXSourcesBuildPhase;
			buildActionMask = 2147483647;
			files = (
				77E850B81E5FF61B00F50963 /* C1A7E1_main.cpp in Sources */,
				77E850BF1E5FF64200F50963 /* C1A7E1_DetermineElapsedTime.cpp in Sources */,
			);
			runOnlyForDeploymentPostprocessing = 0;
		};
/* End PBXSourcesBuildPhase section */

/* Begin XCBuildConfiguration section */
		77E850B91E5FF61B00F50963 /* Debug */ = {
			isa = XCBuildConfiguration;
			buildSettings = {
				ALWAYS_SEARCH_USER_PATHS = NO;
				CLANG_ANALYZER_NONNULL = YES;
				CLANG_CXX_LANGUAGE_STANDARD = "gnu++0x";
				CLANG_CXX_LIBRARY = "libc++";
				CLANG_ENABLE_MODULES = YES;
				CLANG_ENABLE_OBJC_ARC = YES;
				CLANG_WARN_BOOL_CONVERSION = YES;
				CLANG_WARN_CONSTANT_CONVERSION = YES;
				CLANG_WARN_DIRECT_OBJC_ISA_USAGE = YES_ERROR;
				CLANG_WARN_DOCUMENTATION_COMMENTS = YES;
				CLANG_WARN_EMPTY_BODY = YES;
				CLANG_WARN_ENUM_CONVERSION = YES;
				CLANG_WARN_INFINITE_RECURSION = YES;
				CLANG_WARN_INT_CONVERSION = YES;
				CLANG_WARN_OBJC_ROOT_CLASS = YES_ERROR;
				CLANG_WARN_SUSPICIOUS_MOVE = YES;
				CLANG_WARN_UNREACHABLE_CODE = YES;
				CLANG_WARN__DUPLICATE_METHOD_MATCH = YES;
				CODE_SIGN_IDENTITY = "-";
				COPY_PHASE_STRIP = NO;
				DEBUG_INFORMATION_FORMAT = dwarf;
				ENABLE_STRICT_OBJC_MSGSEND = YES;
				ENABLE_TESTABILITY = YES;
				GCC_C_LANGUAGE_STANDARD = gnu99;
				GCC_DYNAMIC_NO_PIC = NO;
				GCC_NO_COMMON_BLOCKS = YES;
				GCC_OPTIMIZATION_LEVEL = 0;
				GCC_PREPROCESSOR_DEFINITIONS = (
					"DEBUG=1",
					"$(inherited)",
				);
				GCC_WARN_64_TO_32_BIT_CONVERSION = YES;
				GCC_WARN_ABOUT_RETURN_TYPE = YES_ERROR;
				GCC_WARN_UNDECLARED_SELECTOR = YES;
				GCC_WARN_UNINITIALIZED_AUTOS = YES_AGGRESSIVE;
				GCC_WARN_UNUSED_FUNCTION = YES;
				GCC_WARN_UNUSED_VARIABLE = YES;
				MACOSX_DEPLOYMENT_TARGET = 10.12;
				MTL_ENABLE_DEBUG_INFO = YES;
				ONLY_ACTIVE_ARCH = YES;
				SDKROOT = macosx;
			};
			name = Debug;
		};
		77E850BA1E5FF61B00F50963 /* Release */ = {
			isa = XCBuildConfiguration;
			buildSettings = {
				ALWAYS_SEARCH_USER_PATHS = NO;
				CLANG_ANALYZER_NONNULL = YES;
				CLANG_CXX_LANGUAGE_STANDARD = "gnu++0x";
				CLANG_CXX_LIBRARY = "libc++";
				CLANG_ENABLE_MODULES = YES;
				CLANG_ENABLE_OBJC_ARC = YES;
				CLANG_WARN_BOOL_CONVERSION = YES;
				CLANG_WARN_CONSTANT_CONVERSION = YES;
				CLANG_WARN_DIRECT_OBJC_ISA_USAGE = YES_ERROR;
				CLANG_WARN_DOCUMENTATION_COMMENTS = YES;
				CLANG_WARN_EMPTY_BODY = YES;
				CLANG_WARN_ENUM_CONVERSION = YES;
				CLANG_WARN_INFINITE_RECURSION = YES;
				CLANG_WARN_INT_CONVERSION = YES;
				CLANG_WARN_OBJC_ROOT_CLASS = YES_ERROR;
				CLANG_WARN_SUSPICIOUS_MOVE = YES;
				CLANG_WARN_UNREACHABLE_CODE = YES;
				CLANG_WARN__DUPLICATE_METHOD_MATCH = YES;
				CODE_SIGN_IDENTITY = "-";
				COPY_PHASE_STRIP = NO;
				DEBUG_INFORMATION_FORMAT = "dwarf-with-dsym";
				ENABLE_NS_ASSERTIONS = NO;
				ENABLE_STRICT_OBJC_MSGSEND = YES;
				GCC_C_LANGUAGE_STANDARD = gnu99;
				GCC_NO_COMMON_BLOCKS = YES;
				GCC_WARN_64_TO_32_BIT_CONVERSION = YES;
				GCC_WARN_ABOUT_RETURN_TYPE = YES_ERROR;
				GCC_WARN_UNDECLARED_SELECTOR = YES;
				GCC_WARN_UNINITIALIZED_AUTOS = YES_AGGRESSIVE;
				GCC_WARN_UNUSED_FUNCTION = YES;
				GCC_WARN_UNUSED_VARIABLE = YES;
				MACOSX_DEPLOYMENT_TARGET = 10.12;
				MTL_ENABLE_DEBUG_INFO = NO;
				SDKROOT = macosx;
			};
			name = Release;
		};
		77E850BC1E5FF61B00F50963 /* Debug */ = {
			isa = XCBuildConfiguration;
			buildSettings = {
				PRODUCT_NAME = "$(TARGET_NAME)";
			};
			name = Debug;
		};
		77E850BD1E5FF61B00F50963 /* Release */ = {
			isa = XCBuildConfiguration;
			buildSettings = {
				PRODUCT_NAME = "$(TARGET_NAME)";
			};
			name = Release;
		};
/* End XCBuildConfiguration section */

/* Begin XCConfigurationList section */
		77E850AF1E5FF61B00F50963 /* Build configuration list for PBXProject "C1A7E1" */ = {
			isa = XCConfigurationList;
			buildConfigurations = (
				77E850B91E5FF61B00F50963 /* Debug */,
				77E850BA1E5FF61B00F50963 /* Release */,
			);
			defaultConfigurationIsVisible = 0;
			defaultConfigurationName = Release;
		};
		77E850BB1E5FF61B00F50963 /* Build configuration list for PBXNativeTarget "C1A7E1" */ = {
			isa = XCConfigurationList;
			buildConfigurations = (
				77E850BC1E5FF61B00F50963 /* Debug */,
				77E850BD1E5FF61B00F50963 /* Release */,
			);
			defaultConfigurationIsVisible = 0;
		};
/* End XCConfigurationList section */
	};
	rootObject = 77E850AC1E5FF61B00F50963 /* Project object */;
}
