// !$*UTF8*$!
{
	archiveVersion = 1;
	classes = {
	};
	objectVersion = 46;
	objects = {

/* Begin PBXBuildFile section */
		7756756A1E640E03001B31FC /* C1A8E1_main.cpp in Sources */ = {isa = PBXBuildFile; fileRef = 775675691E640E03001B31FC /* C1A8E1_main.cpp */; };
		775675721E640E63001B31FC /* C1A8E1_SavingsAccount.cpp in Sources */ = {isa = PBXBuildFile; fileRef = 775675711E640E63001B31FC /* C1A8E1_SavingsAccount.cpp */; };
/* End PBXBuildFile section */

/* Begin PBXCopyFilesBuildPhase section */
		775675641E640E03001B31FC /* CopyFiles */ = {
			isa = PBXCopyFilesBuildPhase;
			buildActionMask = 2147483647;
			dstPath = /usr/share/man/man1/;
			dstSubfolderSpec = 0;
			files = (
			);
			runOnlyForDeploymentPostprocessing = 1;
		};
/* End PBXCopyFilesBuildPhase section */

/* Begin PBXFileReference section */
		775675661E640E03001B31FC /* C1A8E1 */ = {isa = PBXFileReference; explicitFileType = "compiled.mach-o.executable"; includeInIndex = 0; path = C1A8E1; sourceTree = BUILT_PRODUCTS_DIR; };
		775675691E640E03001B31FC /* C1A8E1_main.cpp */ = {isa = PBXFileReference; lastKnownFileType = sourcecode.cpp.cpp; path = C1A8E1_main.cpp; sourceTree = "<group>"; };
		775675701E640E46001B31FC /* C1A8E1_SavingsAccount.h */ = {isa = PBXFileReference; lastKnownFileType = sourcecode.c.h; path = C1A8E1_SavingsAccount.h; sourceTree = "<group>"; };
		775675711E640E63001B31FC /* C1A8E1_SavingsAccount.cpp */ = {isa = PBXFileReference; fileEncoding = 4; lastKnownFileType = sourcecode.cpp.cpp; path = C1A8E1_SavingsAccount.cpp; sourceTree = "<group>"; };
/* End PBXFileReference section */

/* Begin PBXFrameworksBuildPhase section */
		775675631E640E03001B31FC /* Frameworks */ = {
			isa = PBXFrameworksBuildPhase;
			buildActionMask = 2147483647;
			files = (
			);
			runOnlyForDeploymentPostprocessing = 0;
		};
/* End PBXFrameworksBuildPhase section */

/* Begin PBXGroup section */
		7756755D1E640E03001B31FC = {
			isa = PBXGroup;
			children = (
				775675681E640E03001B31FC /* C1A8E1 */,
				775675671E640E03001B31FC /* Products */,
			);
			sourceTree = "<group>";
		};
		775675671E640E03001B31FC /* Products */ = {
			isa = PBXGroup;
			children = (
				775675661E640E03001B31FC /* C1A8E1 */,
			);
			name = Products;
			sourceTree = "<group>";
		};
		775675681E640E03001B31FC /* C1A8E1 */ = {
			isa = PBXGroup;
			children = (
				775675691E640E03001B31FC /* C1A8E1_main.cpp */,
				775675701E640E46001B31FC /* C1A8E1_SavingsAccount.h */,
				775675711E640E63001B31FC /* C1A8E1_SavingsAccount.cpp */,
			);
			path = C1A8E1;
			sourceTree = "<group>";
		};
/* End PBXGroup section */

/* Begin PBXNativeTarget section */
		775675651E640E03001B31FC /* C1A8E1 */ = {
			isa = PBXNativeTarget;
			buildConfigurationList = 7756756D1E640E03001B31FC /* Build configuration list for PBXNativeTarget "C1A8E1" */;
			buildPhases = (
				775675621E640E03001B31FC /* Sources */,
				775675631E640E03001B31FC /* Frameworks */,
				775675641E640E03001B31FC /* CopyFiles */,
			);
			buildRules = (
			);
			dependencies = (
			);
			name = C1A8E1;
			productName = C1A8E1;
			productReference = 775675661E640E03001B31FC /* C1A8E1 */;
			productType = "com.apple.product-type.tool";
		};
/* End PBXNativeTarget section */

/* Begin PBXProject section */
		7756755E1E640E03001B31FC /* Project object */ = {
			isa = PBXProject;
			attributes = {
				LastUpgradeCheck = 0820;
				ORGANIZATIONNAME = "Julia Weng";
				TargetAttributes = {
					775675651E640E03001B31FC = {
						CreatedOnToolsVersion = 8.2.1;
						ProvisioningStyle = Automatic;
					};
				};
			};
			buildConfigurationList = 775675611E640E03001B31FC /* Build configuration list for PBXProject "C1A8E1" */;
			compatibilityVersion = "Xcode 3.2";
			developmentRegion = English;
			hasScannedForEncodings = 0;
			knownRegions = (
				en,
			);
			mainGroup = 7756755D1E640E03001B31FC;
			productRefGroup = 775675671E640E03001B31FC /* Products */;
			projectDirPath = "";
			projectRoot = "";
			targets = (
				775675651E640E03001B31FC /* C1A8E1 */,
			);
		};
/* End PBXProject section */

/* Begin PBXSourcesBuildPhase section */
		775675621E640E03001B31FC /* Sources */ = {
			isa = PBXSourcesBuildPhase;
			buildActionMask = 2147483647;
			files = (
				775675721E640E63001B31FC /* C1A8E1_SavingsAccount.cpp in Sources */,
				7756756A1E640E03001B31FC /* C1A8E1_main.cpp in Sources */,
			);
			runOnlyForDeploymentPostprocessing = 0;
		};
/* End PBXSourcesBuildPhase section */

/* Begin XCBuildConfiguration section */
		7756756B1E640E03001B31FC /* Debug */ = {
			isa = XCBuildConfiguration;
			buildSettings = {
				ALWAYS_SEARCH_USER_PATHS = NO;
				CLANG_ANALYZER_NONNULL = YES;
				CLANG_CXX_LANGUAGE_STANDARD = "gnu++0x";
				CLANG_CXX_LIBRARY = "libc++";
				CLANG_ENABLE_MODULES = YES;
				CLANG_ENABLE_OBJC_ARC = YES;
				CLANG_WARN_BOOL_CONVERSION = YES;
				CLANG_WARN_CONSTANT_CONVERSION = YES;
				CLANG_WARN_DIRECT_OBJC_ISA_USAGE = YES_ERROR;
				CLANG_WARN_DOCUMENTATION_COMMENTS = YES;
				CLANG_WARN_EMPTY_BODY = YES;
				CLANG_WARN_ENUM_CONVERSION = YES;
				CLANG_WARN_INFINITE_RECURSION = YES;
				CLANG_WARN_INT_CONVERSION = YES;
				CLANG_WARN_OBJC_ROOT_CLASS = YES_ERROR;
				CLANG_WARN_SUSPICIOUS_MOVE = YES;
				CLANG_WARN_UNREACHABLE_CODE = YES;
				CLANG_WARN__DUPLICATE_METHOD_MATCH = YES;
				CODE_SIGN_IDENTITY = "-";
				COPY_PHASE_STRIP = NO;
				DEBUG_INFORMATION_FORMAT = dwarf;
				ENABLE_STRICT_OBJC_MSGSEND = YES;
				ENABLE_TESTABILITY = YES;
				GCC_C_LANGUAGE_STANDARD = gnu99;
				GCC_DYNAMIC_NO_PIC = NO;
				GCC_NO_COMMON_BLOCKS = YES;
				GCC_OPTIMIZATION_LEVEL = 0;
				GCC_PREPROCESSOR_DEFINITIONS = (
					"DEBUG=1",
					"$(inherited)",
				);
				GCC_WARN_64_TO_32_BIT_CONVERSION = YES;
				GCC_WARN_ABOUT_RETURN_TYPE = YES_ERROR;
				GCC_WARN_UNDECLARED_SELECTOR = YES;
				GCC_WARN_UNINITIALIZED_AUTOS = YES_AGGRESSIVE;
				GCC_WARN_UNUSED_FUNCTION = YES;
				GCC_WARN_UNUSED_VARIABLE = YES;
				MACOSX_DEPLOYMENT_TARGET = 10.12;
				MTL_ENABLE_DEBUG_INFO = YES;
				ONLY_ACTIVE_ARCH = YES;
				SDKROOT = macosx;
			};
			name = Debug;
		};
		7756756C1E640E03001B31FC /* Release */ = {
			isa = XCBuildConfiguration;
			buildSettings = {
				ALWAYS_SEARCH_USER_PATHS = NO;
				CLANG_ANALYZER_NONNULL = YES;
				CLANG_CXX_LANGUAGE_STANDARD = "gnu++0x";
				CLANG_CXX_LIBRARY = "libc++";
				CLANG_ENABLE_MODULES = YES;
				CLANG_ENABLE_OBJC_ARC = YES;
				CLANG_WARN_BOOL_CONVERSION = YES;
				CLANG_WARN_CONSTANT_CONVERSION = YES;
				CLANG_WARN_DIRECT_OBJC_ISA_USAGE = YES_ERROR;
				CLANG_WARN_DOCUMENTATION_COMMENTS = YES;
				CLANG_WARN_EMPTY_BODY = YES;
				CLANG_WARN_ENUM_CONVERSION = YES;
				CLANG_WARN_INFINITE_RECURSION = YES;
				CLANG_WARN_INT_CONVERSION = YES;
				CLANG_WARN_OBJC_ROOT_CLASS = YES_ERROR;
				CLANG_WARN_SUSPICIOUS_MOVE = YES;
				CLANG_WARN_UNREACHABLE_CODE = YES;
				CLANG_WARN__DUPLICATE_METHOD_MATCH = YES;
				CODE_SIGN_IDENTITY = "-";
				COPY_PHASE_STRIP = NO;
				DEBUG_INFORMATION_FORMAT = "dwarf-with-dsym";
				ENABLE_NS_ASSERTIONS = NO;
				ENABLE_STRICT_OBJC_MSGSEND = YES;
				GCC_C_LANGUAGE_STANDARD = gnu99;
				GCC_NO_COMMON_BLOCKS = YES;
				GCC_WARN_64_TO_32_BIT_CONVERSION = YES;
				GCC_WARN_ABOUT_RETURN_TYPE = YES_ERROR;
				GCC_WARN_UNDECLARED_SELECTOR = YES;
				GCC_WARN_UNINITIALIZED_AUTOS = YES_AGGRESSIVE;
				GCC_WARN_UNUSED_FUNCTION = YES;
				GCC_WARN_UNUSED_VARIABLE = YES;
				MACOSX_DEPLOYMENT_TARGET = 10.12;
				MTL_ENABLE_DEBUG_INFO = NO;
				SDKROOT = macosx;
			};
			name = Release;
		};
		7756756E1E640E03001B31FC /* Debug */ = {
			isa = XCBuildConfiguration;
			buildSettings = {
				PRODUCT_NAME = "$(TARGET_NAME)";
			};
			name = Debug;
		};
		7756756F1E640E03001B31FC /* Release */ = {
			isa = XCBuildConfiguration;
			buildSettings = {
				PRODUCT_NAME = "$(TARGET_NAME)";
			};
			name = Release;
		};
/* End XCBuildConfiguration section */

/* Begin XCConfigurationList section */
		775675611E640E03001B31FC /* Build configuration list for PBXProject "C1A8E1" */ = {
			isa = XCConfigurationList;
			buildConfigurations = (
				7756756B1E640E03001B31FC /* Debug */,
				7756756C1E640E03001B31FC /* Release */,
			);
			defaultConfigurationIsVisible = 0;
			defaultConfigurationName = Release;
		};
		7756756D1E640E03001B31FC /* Build configuration list for PBXNativeTarget "C1A8E1" */ = {
			isa = XCConfigurationList;
			buildConfigurations = (
				7756756E1E640E03001B31FC /* Debug */,
				7756756F1E640E03001B31FC /* Release */,
			);
			defaultConfigurationIsVisible = 0;
		};
/* End XCConfigurationList section */
	};
	rootObject = 7756755E1E640E03001B31FC /* Project object */;
}
