// !$*UTF8*$!
{
	archiveVersion = 1;
	classes = {
	};
	objectVersion = 46;
	objects = {

/* Begin PBXBuildFile section */
		7789742D1E4B0784003FDE87 /* C1A4E3_main.cpp in Sources */ = {isa = PBXBuildFile; fileRef = 7789742C1E4B0784003FDE87 /* C1A4E3_main.cpp */; };
		778974341E4B07AA003FDE87 /* C1A4E3_PrintLines.cpp in Sources */ = {isa = PBXBuildFile; fileRef = 778974331E4B07AA003FDE87 /* C1A4E3_PrintLines.cpp */; };
/* End PBXBuildFile section */

/* Begin PBXCopyFilesBuildPhase section */
		778974271E4B0784003FDE87 /* CopyFiles */ = {
			isa = PBXCopyFilesBuildPhase;
			buildActionMask = 2147483647;
			dstPath = /usr/share/man/man1/;
			dstSubfolderSpec = 0;
			files = (
			);
			runOnlyForDeploymentPostprocessing = 1;
		};
/* End PBXCopyFilesBuildPhase section */

/* Begin PBXFileReference section */
		778974291E4B0784003FDE87 /* C1A4E3 */ = {isa = PBXFileReference; explicitFileType = "compiled.mach-o.executable"; includeInIndex = 0; path = C1A4E3; sourceTree = BUILT_PRODUCTS_DIR; };
		7789742C1E4B0784003FDE87 /* C1A4E3_main.cpp */ = {isa = PBXFileReference; lastKnownFileType = sourcecode.cpp.cpp; path = C1A4E3_main.cpp; sourceTree = "<group>"; };
		778974331E4B07AA003FDE87 /* C1A4E3_PrintLines.cpp */ = {isa = PBXFileReference; fileEncoding = 4; lastKnownFileType = sourcecode.cpp.cpp; path = C1A4E3_PrintLines.cpp; sourceTree = "<group>"; };
/* End PBXFileReference section */

/* Begin PBXFrameworksBuildPhase section */
		778974261E4B0784003FDE87 /* Frameworks */ = {
			isa = PBXFrameworksBuildPhase;
			buildActionMask = 2147483647;
			files = (
			);
			runOnlyForDeploymentPostprocessing = 0;
		};
/* End PBXFrameworksBuildPhase section */

/* Begin PBXGroup section */
		778974201E4B0784003FDE87 = {
			isa = PBXGroup;
			children = (
				7789742B1E4B0784003FDE87 /* C1A4E3 */,
				7789742A1E4B0784003FDE87 /* Products */,
			);
			sourceTree = "<group>";
		};
		7789742A1E4B0784003FDE87 /* Products */ = {
			isa = PBXGroup;
			children = (
				778974291E4B0784003FDE87 /* C1A4E3 */,
			);
			name = Products;
			sourceTree = "<group>";
		};
		7789742B1E4B0784003FDE87 /* C1A4E3 */ = {
			isa = PBXGroup;
			children = (
				7789742C1E4B0784003FDE87 /* C1A4E3_main.cpp */,
				778974331E4B07AA003FDE87 /* C1A4E3_PrintLines.cpp */,
			);
			path = C1A4E3;
			sourceTree = "<group>";
		};
/* End PBXGroup section */

/* Begin PBXNativeTarget section */
		778974281E4B0784003FDE87 /* C1A4E3 */ = {
			isa = PBXNativeTarget;
			buildConfigurationList = 778974301E4B0784003FDE87 /* Build configuration list for PBXNativeTarget "C1A4E3" */;
			buildPhases = (
				778974251E4B0784003FDE87 /* Sources */,
				778974261E4B0784003FDE87 /* Frameworks */,
				778974271E4B0784003FDE87 /* CopyFiles */,
			);
			buildRules = (
			);
			dependencies = (
			);
			name = C1A4E3;
			productName = C1A4E3;
			productReference = 778974291E4B0784003FDE87 /* C1A4E3 */;
			productType = "com.apple.product-type.tool";
		};
/* End PBXNativeTarget section */

/* Begin PBXProject section */
		778974211E4B0784003FDE87 /* Project object */ = {
			isa = PBXProject;
			attributes = {
				LastUpgradeCheck = 0820;
				ORGANIZATIONNAME = "Julia Weng";
				TargetAttributes = {
					778974281E4B0784003FDE87 = {
						CreatedOnToolsVersion = 8.2.1;
						ProvisioningStyle = Automatic;
					};
				};
			};
			buildConfigurationList = 778974241E4B0784003FDE87 /* Build configuration list for PBXProject "C1A4E3" */;
			compatibilityVersion = "Xcode 3.2";
			developmentRegion = English;
			hasScannedForEncodings = 0;
			knownRegions = (
				en,
			);
			mainGroup = 778974201E4B0784003FDE87;
			productRefGroup = 7789742A1E4B0784003FDE87 /* Products */;
			projectDirPath = "";
			projectRoot = "";
			targets = (
				778974281E4B0784003FDE87 /* C1A4E3 */,
			);
		};
/* End PBXProject section */

/* Begin PBXSourcesBuildPhase section */
		778974251E4B0784003FDE87 /* Sources */ = {
			isa = PBXSourcesBuildPhase;
			buildActionMask = 2147483647;
			files = (
				778974341E4B07AA003FDE87 /* C1A4E3_PrintLines.cpp in Sources */,
				7789742D1E4B0784003FDE87 /* C1A4E3_main.cpp in Sources */,
			);
			runOnlyForDeploymentPostprocessing = 0;
		};
/* End PBXSourcesBuildPhase section */

/* Begin XCBuildConfiguration section */
		7789742E1E4B0784003FDE87 /* Debug */ = {
			isa = XCBuildConfiguration;
			buildSettings = {
				ALWAYS_SEARCH_USER_PATHS = NO;
				CLANG_ANALYZER_NONNULL = YES;
				CLANG_CXX_LANGUAGE_STANDARD = "gnu++0x";
				CLANG_CXX_LIBRARY = "libc++";
				CLANG_ENABLE_MODULES = YES;
				CLANG_ENABLE_OBJC_ARC = YES;
				CLANG_WARN_BOOL_CONVERSION = YES;
				CLANG_WARN_CONSTANT_CONVERSION = YES;
				CLANG_WARN_DIRECT_OBJC_ISA_USAGE = YES_ERROR;
				CLANG_WARN_DOCUMENTATION_COMMENTS = YES;
				CLANG_WARN_EMPTY_BODY = YES;
				CLANG_WARN_ENUM_CONVERSION = YES;
				CLANG_WARN_INFINITE_RECURSION = YES;
				CLANG_WARN_INT_CONVERSION = YES;
				CLANG_WARN_OBJC_ROOT_CLASS = YES_ERROR;
				CLANG_WARN_SUSPICIOUS_MOVE = YES;
				CLANG_WARN_UNREACHABLE_CODE = YES;
				CLANG_WARN__DUPLICATE_METHOD_MATCH = YES;
				CODE_SIGN_IDENTITY = "-";
				COPY_PHASE_STRIP = NO;
				DEBUG_INFORMATION_FORMAT = dwarf;
				ENABLE_STRICT_OBJC_MSGSEND = YES;
				ENABLE_TESTABILITY = YES;
				GCC_C_LANGUAGE_STANDARD = gnu99;
				GCC_DYNAMIC_NO_PIC = NO;
				GCC_NO_COMMON_BLOCKS = YES;
				GCC_OPTIMIZATION_LEVEL = 0;
				GCC_PREPROCESSOR_DEFINITIONS = (
					"DEBUG=1",
					"$(inherited)",
				);
				GCC_WARN_64_TO_32_BIT_CONVERSION = YES;
				GCC_WARN_ABOUT_RETURN_TYPE = YES_ERROR;
				GCC_WARN_UNDECLARED_SELECTOR = YES;
				GCC_WARN_UNINITIALIZED_AUTOS = YES_AGGRESSIVE;
				GCC_WARN_UNUSED_FUNCTION = YES;
				GCC_WARN_UNUSED_VARIABLE = YES;
				MACOSX_DEPLOYMENT_TARGET = 10.12;
				MTL_ENABLE_DEBUG_INFO = YES;
				ONLY_ACTIVE_ARCH = YES;
				SDKROOT = macosx;
			};
			name = Debug;
		};
		7789742F1E4B0784003FDE87 /* Release */ = {
			isa = XCBuildConfiguration;
			buildSettings = {
				ALWAYS_SEARCH_USER_PATHS = NO;
				CLANG_ANALYZER_NONNULL = YES;
				CLANG_CXX_LANGUAGE_STANDARD = "gnu++0x";
				CLANG_CXX_LIBRARY = "libc++";
				CLANG_ENABLE_MODULES = YES;
				CLANG_ENABLE_OBJC_ARC = YES;
				CLANG_WARN_BOOL_CONVERSION = YES;
				CLANG_WARN_CONSTANT_CONVERSION = YES;
				CLANG_WARN_DIRECT_OBJC_ISA_USAGE = YES_ERROR;
				CLANG_WARN_DOCUMENTATION_COMMENTS = YES;
				CLANG_WARN_EMPTY_BODY = YES;
				CLANG_WARN_ENUM_CONVERSION = YES;
				CLANG_WARN_INFINITE_RECURSION = YES;
				CLANG_WARN_INT_CONVERSION = YES;
				CLANG_WARN_OBJC_ROOT_CLASS = YES_ERROR;
				CLANG_WARN_SUSPICIOUS_MOVE = YES;
				CLANG_WARN_UNREACHABLE_CODE = YES;
				CLANG_WARN__DUPLICATE_METHOD_MATCH = YES;
				CODE_SIGN_IDENTITY = "-";
				COPY_PHASE_STRIP = NO;
				DEBUG_INFORMATION_FORMAT = "dwarf-with-dsym";
				ENABLE_NS_ASSERTIONS = NO;
				ENABLE_STRICT_OBJC_MSGSEND = YES;
				GCC_C_LANGUAGE_STANDARD = gnu99;
				GCC_NO_COMMON_BLOCKS = YES;
				GCC_WARN_64_TO_32_BIT_CONVERSION = YES;
				GCC_WARN_ABOUT_RETURN_TYPE = YES_ERROR;
				GCC_WARN_UNDECLARED_SELECTOR = YES;
				GCC_WARN_UNINITIALIZED_AUTOS = YES_AGGRESSIVE;
				GCC_WARN_UNUSED_FUNCTION = YES;
				GCC_WARN_UNUSED_VARIABLE = YES;
				MACOSX_DEPLOYMENT_TARGET = 10.12;
				MTL_ENABLE_DEBUG_INFO = NO;
				SDKROOT = macosx;
			};
			name = Release;
		};
		778974311E4B0784003FDE87 /* Debug */ = {
			isa = XCBuildConfiguration;
			buildSettings = {
				PRODUCT_NAME = "$(TARGET_NAME)";
			};
			name = Debug;
		};
		778974321E4B0784003FDE87 /* Release */ = {
			isa = XCBuildConfiguration;
			buildSettings = {
				PRODUCT_NAME = "$(TARGET_NAME)";
			};
			name = Release;
		};
/* End XCBuildConfiguration section */

/* Begin XCConfigurationList section */
		778974241E4B0784003FDE87 /* Build configuration list for PBXProject "C1A4E3" */ = {
			isa = XCConfigurationList;
			buildConfigurations = (
				7789742E1E4B0784003FDE87 /* Debug */,
				7789742F1E4B0784003FDE87 /* Release */,
			);
			defaultConfigurationIsVisible = 0;
			defaultConfigurationName = Release;
		};
		778974301E4B0784003FDE87 /* Build configuration list for PBXNativeTarget "C1A4E3" */ = {
			isa = XCConfigurationList;
			buildConfigurations = (
				778974311E4B0784003FDE87 /* Debug */,
				778974321E4B0784003FDE87 /* Release */,
			);
			defaultConfigurationIsVisible = 0;
		};
/* End XCConfigurationList section */
	};
	rootObject = 778974211E4B0784003FDE87 /* Project object */;
}
